
Microsoft Visual Studio Solution File, Format Version 12.00
# Visual Studio Version 17
VisualStudioVersion = 17.14.36109.1 d17.14
MinimumVisualStudioVersion = 10.0.40219.1
Project("{FAE04EC0-301F-11D3-BF4B-00C04F79EFBC}") = "Assignment04", "Assignment04.csproj", "{144A58C2-22B1-497D-83F9-28EF77D08F49}"
EndProject
Global
	GlobalSection(SolutionConfigurationPlatforms) = preSolution
		Debug|Any CPU = Debug|Any CPU
		Release|Any CPU = Release|Any CPU
	EndGlobalSection
	GlobalSection(ProjectConfigurationPlatforms) = postSolution
		{144A58C2-22B1-497D-83F9-28EF77D08F49}.Debug|Any CPU.ActiveCfg = Debug|Any CPU
		{144A58C2-22B1-497D-83F9-28EF77D08F49}.Debug|Any CPU.Build.0 = Debug|Any CPU
		{144A58C2-22B1-497D-83F9-28EF77D08F49}.Release|Any CPU.ActiveCfg = Release|Any CPU
		{144A58C2-22B1-497D-83F9-28EF77D08F49}.Release|Any CPU.Build.0 = Release|Any CPU
	EndGlobalSection
	GlobalSection(SolutionProperties) = preSolution
		HideSolutionNode = FALSE
	EndGlobalSection
	GlobalSection(ExtensibilityGlobals) = postSolution
		SolutionGuid = {E12BDAAB-33A7-4DF0-A6E2-8C097A99E779}
	EndGlobalSection
EndGlobal
